// !$*UTF8*$!
{
	archiveVersion = 1;
	classes = {
	};
	objectVersion = 50;
	objects = {

/* Begin PBXBuildFile section */
		042BD35424AEB42900DF8BF5 /* AppDelegate.swift in Sources */ = {isa = PBXBuildFile; fileRef = 042BD35324AEB42900DF8BF5 /* AppDelegate.swift */; };
		042BD35624AEB42900DF8BF5 /* SceneDelegate.swift in Sources */ = {isa = PBXBuildFile; fileRef = 042BD35524AEB42900DF8BF5 /* SceneDelegate.swift */; };
		042BD35824AEB42900DF8BF5 /* ContentView.swift in Sources */ = {isa = PBXBuildFile; fileRef = 042BD35724AEB42900DF8BF5 /* ContentView.swift */; };
		042BD35A24AEB42A00DF8BF5 /* Assets.xcassets in Resources */ = {isa = PBXBuildFile; fileRef = 042BD35924AEB42A00DF8BF5 /* Assets.xcassets */; };
		042BD35D24AEB42A00DF8BF5 /* Preview Assets.xcassets in Resources */ = {isa = PBXBuildFile; fileRef = 042BD35C24AEB42A00DF8BF5 /* Preview Assets.xcassets */; };
		042BD36024AEB42A00DF8BF5 /* LaunchScreen.storyboard in Resources */ = {isa = PBXBuildFile; fileRef = 042BD35E24AEB42A00DF8BF5 /* LaunchScreen.storyboard */; };
		042BD36824AEB58200DF8BF5 /* Hero.swift in Sources */ = {isa = PBXBuildFile; fileRef = 042BD36724AEB58100DF8BF5 /* Hero.swift */; };
		042BD36A24AEB58F00DF8BF5 /* DummyHeroes.swift in Sources */ = {isa = PBXBuildFile; fileRef = 042BD36924AEB58F00DF8BF5 /* DummyHeroes.swift */; };
		04D6C57024AEB77A00FDD7CA /* HeroDetail.swift in Sources */ = {isa = PBXBuildFile; fileRef = 04D6C56F24AEB77A00FDD7CA /* HeroDetail.swift */; };
		04D6C57224AEB78E00FDD7CA /* HeroList.swift in Sources */ = {isa = PBXBuildFile; fileRef = 04D6C57124AEB78E00FDD7CA /* HeroList.swift */; };
		04D6C57424AEB7B900FDD7CA /* HeroRow.swift in Sources */ = {isa = PBXBuildFile; fileRef = 04D6C57324AEB7B900FDD7CA /* HeroRow.swift */; };
/* End PBXBuildFile section */

/* Begin PBXFileReference section */
		042BD35024AEB42900DF8BF5 /* MyHeroWithSwiftUI.app */ = {isa = PBXFileReference; explicitFileType = wrapper.application; includeInIndex = 0; path = MyHeroWithSwiftUI.app; sourceTree = BUILT_PRODUCTS_DIR; };
		042BD35324AEB42900DF8BF5 /* AppDelegate.swift */ = {isa = PBXFileReference; lastKnownFileType = sourcecode.swift; path = AppDelegate.swift; sourceTree = "<group>"; };
		042BD35524AEB42900DF8BF5 /* SceneDelegate.swift */ = {isa = PBXFileReference; lastKnownFileType = sourcecode.swift; path = SceneDelegate.swift; sourceTree = "<group>"; };
		042BD35724AEB42900DF8BF5 /* ContentView.swift */ = {isa = PBXFileReference; lastKnownFileType = sourcecode.swift; path = ContentView.swift; sourceTree = "<group>"; };
		042BD35924AEB42A00DF8BF5 /* Assets.xcassets */ = {isa = PBXFileReference; lastKnownFileType = folder.assetcatalog; path = Assets.xcassets; sourceTree = "<group>"; };
		042BD35C24AEB42A00DF8BF5 /* Preview Assets.xcassets */ = {isa = PBXFileReference; lastKnownFileType = folder.assetcatalog; path = "Preview Assets.xcassets"; sourceTree = "<group>"; };
		042BD35F24AEB42A00DF8BF5 /* Base */ = {isa = PBXFileReference; lastKnownFileType = file.storyboard; name = Base; path = Base.lproj/LaunchScreen.storyboard; sourceTree = "<group>"; };
		042BD36124AEB42A00DF8BF5 /* Info.plist */ = {isa = PBXFileReference; lastKnownFileType = text.plist.xml; path = Info.plist; sourceTree = "<group>"; };
		042BD36724AEB58100DF8BF5 /* Hero.swift */ = {isa = PBXFileReference; fileEncoding = 4; lastKnownFileType = sourcecode.swift; name = Hero.swift; path = ../../../Pemula/MyHeroApp/MyHeroApp/Model/Hero.swift; sourceTree = "<group>"; };
		042BD36924AEB58F00DF8BF5 /* DummyHeroes.swift */ = {isa = PBXFileReference; fileEncoding = 4; lastKnownFileType = sourcecode.swift; name = DummyHeroes.swift; path = ../../../Pemula/MyHeroApp/MyHeroApp/Model/DummyHeroes.swift; sourceTree = "<group>"; };
		04D6C56F24AEB77A00FDD7CA /* HeroDetail.swift */ = {isa = PBXFileReference; lastKnownFileType = sourcecode.swift; path = HeroDetail.swift; sourceTree = "<group>"; };
		04D6C57124AEB78E00FDD7CA /* HeroList.swift */ = {isa = PBXFileReference; lastKnownFileType = sourcecode.swift; path = HeroList.swift; sourceTree = "<group>"; };
		04D6C57324AEB7B900FDD7CA /* HeroRow.swift */ = {isa = PBXFileReference; lastKnownFileType = sourcecode.swift; path = HeroRow.swift; sourceTree = "<group>"; };
/* End PBXFileReference section */

/* Begin PBXFrameworksBuildPhase section */
		042BD34D24AEB42900DF8BF5 /* Frameworks */ = {
			isa = PBXFrameworksBuildPhase;
			buildActionMask = 2147483647;
			files = (
			);
			runOnlyForDeploymentPostprocessing = 0;
		};
/* End PBXFrameworksBuildPhase section */

/* Begin PBXGroup section */
		042BD34724AEB42900DF8BF5 = {
			isa = PBXGroup;
			children = (
				042BD35224AEB42900DF8BF5 /* MyHeroWithSwiftUI */,
				042BD35124AEB42900DF8BF5 /* Products */,
			);
			sourceTree = "<group>";
		};
		042BD35124AEB42900DF8BF5 /* Products */ = {
			isa = PBXGroup;
			children = (
				042BD35024AEB42900DF8BF5 /* MyHeroWithSwiftUI.app */,
			);
			name = Products;
			sourceTree = "<group>";
		};
		042BD35224AEB42900DF8BF5 /* MyHeroWithSwiftUI */ = {
			isa = PBXGroup;
			children = (
				042BD36B24AEB68600DF8BF5 /* Base */,
				042BD35324AEB42900DF8BF5 /* AppDelegate.swift */,
				042BD35524AEB42900DF8BF5 /* SceneDelegate.swift */,
				042BD36C24AEB69000DF8BF5 /* Model */,
				042BD36724AEB58100DF8BF5 /* Hero.swift */,
				042BD36924AEB58F00DF8BF5 /* DummyHeroes.swift */,
				042BD36D24AEB69A00DF8BF5 /* View */,
				042BD35724AEB42900DF8BF5 /* ContentView.swift */,
				04D6C56F24AEB77A00FDD7CA /* HeroDetail.swift */,
				04D6C57124AEB78E00FDD7CA /* HeroList.swift */,
				04D6C57324AEB7B900FDD7CA /* HeroRow.swift */,
				042BD35924AEB42A00DF8BF5 /* Assets.xcassets */,
				042BD35E24AEB42A00DF8BF5 /* LaunchScreen.storyboard */,
				042BD36124AEB42A00DF8BF5 /* Info.plist */,
				042BD35B24AEB42A00DF8BF5 /* Preview Content */,
			);
			path = MyHeroWithSwiftUI;
			sourceTree = "<group>";
		};
		042BD35B24AEB42A00DF8BF5 /* Preview Content */ = {
			isa = PBXGroup;
			children = (
				042BD35C24AEB42A00DF8BF5 /* Preview Assets.xcassets */,
			);
			path = "Preview Content";
			sourceTree = "<group>";
		};
		042BD36B24AEB68600DF8BF5 /* Base */ = {
			isa = PBXGroup;
			children = (
			);
			path = Base;
			sourceTree = "<group>";
		};
		042BD36C24AEB69000DF8BF5 /* Model */ = {
			isa = PBXGroup;
			children = (
			);
			path = Model;
			sourceTree = "<group>";
		};
		042BD36D24AEB69A00DF8BF5 /* View */ = {
			isa = PBXGroup;
			children = (
			);
			path = View;
			sourceTree = "<group>";
		};
/* End PBXGroup section */

/* Begin PBXNativeTarget section */
		042BD34F24AEB42900DF8BF5 /* MyHeroWithSwiftUI */ = {
			isa = PBXNativeTarget;
			buildConfigurationList = 042BD36424AEB42A00DF8BF5 /* Build configuration list for PBXNativeTarget "MyHeroWithSwiftUI" */;
			buildPhases = (
				042BD34C24AEB42900DF8BF5 /* Sources */,
				042BD34D24AEB42900DF8BF5 /* Frameworks */,
				042BD34E24AEB42900DF8BF5 /* Resources */,
			);
			buildRules = (
			);
			dependencies = (
			);
			name = MyHeroWithSwiftUI;
			productName = MyHeroWithSwiftUI;
			productReference = 042BD35024AEB42900DF8BF5 /* MyHeroWithSwiftUI.app */;
			productType = "com.apple.product-type.application";
		};
/* End PBXNativeTarget section */

/* Begin PBXProject section */
		042BD34824AEB42900DF8BF5 /* Project object */ = {
			isa = PBXProject;
			attributes = {
				LastSwiftUpdateCheck = 1140;
				LastUpgradeCheck = 1140;
				ORGANIZATIONNAME = "Fikri Helmi";
				TargetAttributes = {
					042BD34F24AEB42900DF8BF5 = {
						CreatedOnToolsVersion = 11.4.1;
					};
				};
			};
			buildConfigurationList = 042BD34B24AEB42900DF8BF5 /* Build configuration list for PBXProject "MyHeroWithSwiftUI" */;
			compatibilityVersion = "Xcode 9.3";
			developmentRegion = en;
			hasScannedForEncodings = 0;
			knownRegions = (
				en,
				Base,
			);
			mainGroup = 042BD34724AEB42900DF8BF5;
			productRefGroup = 042BD35124AEB42900DF8BF5 /* Products */;
			projectDirPath = "";
			projectRoot = "";
			targets = (
				042BD34F24AEB42900DF8BF5 /* MyHeroWithSwiftUI */,
			);
		};
/* End PBXProject section */

/* Begin PBXResourcesBuildPhase section */
		042BD34E24AEB42900DF8BF5 /* Resources */ = {
			isa = PBXResourcesBuildPhase;
			buildActionMask = 2147483647;
			files = (
				042BD36024AEB42A00DF8BF5 /* LaunchScreen.storyboard in Resources */,
				042BD35D24AEB42A00DF8BF5 /* Preview Assets.xcassets in Resources */,
				042BD35A24AEB42A00DF8BF5 /* Assets.xcassets in Resources */,
			);
			runOnlyForDeploymentPostprocessing = 0;
		};
/* End PBXResourcesBuildPhase section */

/* Begin PBXSourcesBuildPhase section */
		042BD34C24AEB42900DF8BF5 /* Sources */ = {
			isa = PBXSourcesBuildPhase;
			buildActionMask = 2147483647;
			files = (
				042BD35424AEB42900DF8BF5 /* AppDelegate.swift in Sources */,
				042BD35624AEB42900DF8BF5 /* SceneDelegate.swift in Sources */,
				04D6C57024AEB77A00FDD7CA /* HeroDetail.swift in Sources */,
				042BD36A24AEB58F00DF8BF5 /* DummyHeroes.swift in Sources */,
				04D6C57224AEB78E00FDD7CA /* HeroList.swift in Sources */,
				042BD35824AEB42900DF8BF5 /* ContentView.swift in Sources */,
				04D6C57424AEB7B900FDD7CA /* HeroRow.swift in Sources */,
				042BD36824AEB58200DF8BF5 /* Hero.swift in Sources */,
			);
			runOnlyForDeploymentPostprocessing = 0;
		};
/* End PBXSourcesBuildPhase section */

/* Begin PBXVariantGroup section */
		042BD35E24AEB42A00DF8BF5 /* LaunchScreen.storyboard */ = {
			isa = PBXVariantGroup;
			children = (
				042BD35F24AEB42A00DF8BF5 /* Base */,
			);
			name = LaunchScreen.storyboard;
			sourceTree = "<group>";
		};
/* End PBXVariantGroup section */

/* Begin XCBuildConfiguration section */
		042BD36224AEB42A00DF8BF5 /* Debug */ = {
			isa = XCBuildConfiguration;
			buildSettings = {
				ALWAYS_SEARCH_USER_PATHS = NO;
				CLANG_ANALYZER_NONNULL = YES;
				CLANG_ANALYZER_NUMBER_OBJECT_CONVERSION = YES_AGGRESSIVE;
				CLANG_CXX_LANGUAGE_STANDARD = "gnu++14";
				CLANG_CXX_LIBRARY = "libc++";
				CLANG_ENABLE_MODULES = YES;
				CLANG_ENABLE_OBJC_ARC = YES;
				CLANG_ENABLE_OBJC_WEAK = YES;
				CLANG_WARN_BLOCK_CAPTURE_AUTORELEASING = YES;
				CLANG_WARN_BOOL_CONVERSION = YES;
				CLANG_WARN_COMMA = YES;
				CLANG_WARN_CONSTANT_CONVERSION = YES;
				CLANG_WARN_DEPRECATED_OBJC_IMPLEMENTATIONS = YES;
				CLANG_WARN_DIRECT_OBJC_ISA_USAGE = YES_ERROR;
				CLANG_WARN_DOCUMENTATION_COMMENTS = YES;
				CLANG_WARN_EMPTY_BODY = YES;
				CLANG_WARN_ENUM_CONVERSION = YES;
				CLANG_WARN_INFINITE_RECURSION = YES;
				CLANG_WARN_INT_CONVERSION = YES;
				CLANG_WARN_NON_LITERAL_NULL_CONVERSION = YES;
				CLANG_WARN_OBJC_IMPLICIT_RETAIN_SELF = YES;
				CLANG_WARN_OBJC_LITERAL_CONVERSION = YES;
				CLANG_WARN_OBJC_ROOT_CLASS = YES_ERROR;
				CLANG_WARN_RANGE_LOOP_ANALYSIS = YES;
				CLANG_WARN_STRICT_PROTOTYPES = YES;
				CLANG_WARN_SUSPICIOUS_MOVE = YES;
				CLANG_WARN_UNGUARDED_AVAILABILITY = YES_AGGRESSIVE;
				CLANG_WARN_UNREACHABLE_CODE = YES;
				CLANG_WARN__DUPLICATE_METHOD_MATCH = YES;
				COPY_PHASE_STRIP = NO;
				DEBUG_INFORMATION_FORMAT = dwarf;
				ENABLE_STRICT_OBJC_MSGSEND = YES;
				ENABLE_TESTABILITY = YES;
				GCC_C_LANGUAGE_STANDARD = gnu11;
				GCC_DYNAMIC_NO_PIC = NO;
				GCC_NO_COMMON_BLOCKS = YES;
				GCC_OPTIMIZATION_LEVEL = 0;
				GCC_PREPROCESSOR_DEFINITIONS = (
					"DEBUG=1",
					"$(inherited)",
				);
				GCC_WARN_64_TO_32_BIT_CONVERSION = YES;
				GCC_WARN_ABOUT_RETURN_TYPE = YES_ERROR;
				GCC_WARN_UNDECLARED_SELECTOR = YES;
				GCC_WARN_UNINITIALIZED_AUTOS = YES_AGGRESSIVE;
				GCC_WARN_UNUSED_FUNCTION = YES;
				GCC_WARN_UNUSED_VARIABLE = YES;
				IPHONEOS_DEPLOYMENT_TARGET = 13.4;
				MTL_ENABLE_DEBUG_INFO = INCLUDE_SOURCE;
				MTL_FAST_MATH = YES;
				ONLY_ACTIVE_ARCH = YES;
				SDKROOT = iphoneos;
				SWIFT_ACTIVE_COMPILATION_CONDITIONS = DEBUG;
				SWIFT_OPTIMIZATION_LEVEL = "-Onone";
			};
			name = Debug;
		};
		042BD36324AEB42A00DF8BF5 /* Release */ = {
			isa = XCBuildConfiguration;
			buildSettings = {
				ALWAYS_SEARCH_USER_PATHS = NO;
				CLANG_ANALYZER_NONNULL = YES;
				CLANG_ANALYZER_NUMBER_OBJECT_CONVERSION = YES_AGGRESSIVE;
				CLANG_CXX_LANGUAGE_STANDARD = "gnu++14";
				CLANG_CXX_LIBRARY = "libc++";
				CLANG_ENABLE_MODULES = YES;
				CLANG_ENABLE_OBJC_ARC = YES;
				CLANG_ENABLE_OBJC_WEAK = YES;
				CLANG_WARN_BLOCK_CAPTURE_AUTORELEASING = YES;
				CLANG_WARN_BOOL_CONVERSION = YES;
				CLANG_WARN_COMMA = YES;
				CLANG_WARN_CONSTANT_CONVERSION = YES;
				CLANG_WARN_DEPRECATED_OBJC_IMPLEMENTATIONS = YES;
				CLANG_WARN_DIRECT_OBJC_ISA_USAGE = YES_ERROR;
				CLANG_WARN_DOCUMENTATION_COMMENTS = YES;
				CLANG_WARN_EMPTY_BODY = YES;
				CLANG_WARN_ENUM_CONVERSION = YES;
				CLANG_WARN_INFINITE_RECURSION = YES;
				CLANG_WARN_INT_CONVERSION = YES;
				CLANG_WARN_NON_LITERAL_NULL_CONVERSION = YES;
				CLANG_WARN_OBJC_IMPLICIT_RETAIN_SELF = YES;
				CLANG_WARN_OBJC_LITERAL_CONVERSION = YES;
				CLANG_WARN_OBJC_ROOT_CLASS = YES_ERROR;
				CLANG_WARN_RANGE_LOOP_ANALYSIS = YES;
				CLANG_WARN_STRICT_PROTOTYPES = YES;
				CLANG_WARN_SUSPICIOUS_MOVE = YES;
				CLANG_WARN_UNGUARDED_AVAILABILITY = YES_AGGRESSIVE;
				CLANG_WARN_UNREACHABLE_CODE = YES;
				CLANG_WARN__DUPLICATE_METHOD_MATCH = YES;
				COPY_PHASE_STRIP = NO;
				DEBUG_INFORMATION_FORMAT = "dwarf-with-dsym";
				ENABLE_NS_ASSERTIONS = NO;
				ENABLE_STRICT_OBJC_MSGSEND = YES;
				GCC_C_LANGUAGE_STANDARD = gnu11;
				GCC_NO_COMMON_BLOCKS = YES;
				GCC_WARN_64_TO_32_BIT_CONVERSION = YES;
				GCC_WARN_ABOUT_RETURN_TYPE = YES_ERROR;
				GCC_WARN_UNDECLARED_SELECTOR = YES;
				GCC_WARN_UNINITIALIZED_AUTOS = YES_AGGRESSIVE;
				GCC_WARN_UNUSED_FUNCTION = YES;
				GCC_WARN_UNUSED_VARIABLE = YES;
				IPHONEOS_DEPLOYMENT_TARGET = 13.4;
				MTL_ENABLE_DEBUG_INFO = NO;
				MTL_FAST_MATH = YES;
				SDKROOT = iphoneos;
				SWIFT_COMPILATION_MODE = wholemodule;
				SWIFT_OPTIMIZATION_LEVEL = "-O";
				VALIDATE_PRODUCT = YES;
			};
			name = Release;
		};
		042BD36524AEB42A00DF8BF5 /* Debug */ = {
			isa = XCBuildConfiguration;
			buildSettings = {
				ASSETCATALOG_COMPILER_APPICON_NAME = AppIcon;
				CODE_SIGN_STYLE = Automatic;
				DEVELOPMENT_ASSET_PATHS = "\"MyHeroWithSwiftUI/Preview Content\"";
				DEVELOPMENT_TEAM = 8G73BH94RR;
				ENABLE_PREVIEWS = YES;
				INFOPLIST_FILE = MyHeroWithSwiftUI/Info.plist;
				LD_RUNPATH_SEARCH_PATHS = (
					"$(inherited)",
					"@executable_path/Frameworks",
				);
				PRODUCT_BUNDLE_IDENTIFIER = com.fikrihelmi.MyHeroWithSwiftUI;
				PRODUCT_NAME = "$(TARGET_NAME)";
				SWIFT_VERSION = 5.0;
				TARGETED_DEVICE_FAMILY = "1,2";
			};
			name = Debug;
		};
		042BD36624AEB42A00DF8BF5 /* Release */ = {
			isa = XCBuildConfiguration;
			buildSettings = {
				ASSETCATALOG_COMPILER_APPICON_NAME = AppIcon;
				CODE_SIGN_STYLE = Automatic;
				DEVELOPMENT_ASSET_PATHS = "\"MyHeroWithSwiftUI/Preview Content\"";
				DEVELOPMENT_TEAM = 8G73BH94RR;
				ENABLE_PREVIEWS = YES;
				INFOPLIST_FILE = MyHeroWithSwiftUI/Info.plist;
				LD_RUNPATH_SEARCH_PATHS = (
					"$(inherited)",
					"@executable_path/Frameworks",
				);
				PRODUCT_BUNDLE_IDENTIFIER = com.fikrihelmi.MyHeroWithSwiftUI;
				PRODUCT_NAME = "$(TARGET_NAME)";
				SWIFT_VERSION = 5.0;
				TARGETED_DEVICE_FAMILY = "1,2";
			};
			name = Release;
		};
/* End XCBuildConfiguration section */

/* Begin XCConfigurationList section */
		042BD34B24AEB42900DF8BF5 /* Build configuration list for PBXProject "MyHeroWithSwiftUI" */ = {
			isa = XCConfigurationList;
			buildConfigurations = (
				042BD36224AEB42A00DF8BF5 /* Debug */,
				042BD36324AEB42A00DF8BF5 /* Release */,
			);
			defaultConfigurationIsVisible = 0;
			defaultConfigurationName = Release;
		};
		042BD36424AEB42A00DF8BF5 /* Build configuration list for PBXNativeTarget "MyHeroWithSwiftUI" */ = {
			isa = XCConfigurationList;
			buildConfigurations = (
				042BD36524AEB42A00DF8BF5 /* Debug */,
				042BD36624AEB42A00DF8BF5 /* Release */,
			);
			defaultConfigurationIsVisible = 0;
			defaultConfigurationName = Release;
		};
/* End XCConfigurationList section */
	};
	rootObject = 042BD34824AEB42900DF8BF5 /* Project object */;
}
